<?xml version="1.0" encoding="utf-8"?>
<Project ToolsVersion="4.0" xmlns="http://schemas.microsoft.com/developer/msbuild/2003">
  <ItemGroup>
    <Filter Include="Source Files">
      <UniqueIdentifier>{4FC737F1-C7A5-4376-A066-2A32D752A2FF}</UniqueIdentifier>
      <Extensions>cpp;c;cc;cxx;c++;cppm;ixx;def;odl;idl;hpj;bat;asm;asmx</Extensions>
    </Filter>
    <Filter Include="Header Files">
      <UniqueIdentifier>{93995380-89BD-4b04-88EB-625FBE52EBFB}</UniqueIdentifier>
      <Extensions>h;hh;hpp;hxx;h++;hm;inl;inc;ipp;xsd</Extensions>
    </Filter>
    <Filter Include="Resource Files">
      <UniqueIdentifier>{67DA6AB6-F800-4c08-8B7A-83BB121AAD01}</UniqueIdentifier>
      <Extensions>rc;ico;cur;bmp;dlg;rc2;rct;bin;rgs;gif;jpg;jpeg;jpe;resx;tiff;tif;png;wav;mfcribbon-ms</Extensions>
    </Filter>
  </ItemGroup>
  <ItemGroup>
    <ClCompile Include="source\main.cpp">
      <Filter>Source Files</Filter>
    </ClCompile>
    <ClCompile Include="source\Game.cpp">
      <Filter>Source Files</Filter>
    </ClCompile>
    <ClCompile Include="source\Rigidbody.h">
      <Filter>Header Files</Filter>
    </ClCompile>
    <ClCompile Include="source\RenderManager.cpp">
      <Filter>Source Files</Filter>
    </ClCompile>
  </ItemGroup>
  <ItemGroup>
    <ClInclude Include="source\Game.h">
      <Filter>Header Files</Filter>
    </ClInclude>
    <ClInclude Include="source\InputManager.h">
      <Filter>Header Files</Filter>
    </ClInclude>
    <ClInclude Include="source\Vector2.h">
      <Filter>Header Files</Filter>
    </ClInclude>
    <ClInclude Include="source\AABB.h">
      <Filter>Header Files</Filter>
    </ClInclude>
    <ClInclude Include="source\Transform.h">
      <Filter>Header Files</Filter>
    </ClInclude>
    <ClInclude Include="source\Object.h">
      <Filter>Header Files</Filter>
    </ClInclude>
    <ClInclude Include="source\Renderer.h">
      <Filter>Header Files</Filter>
    </ClInclude>
    <ClInclude Include="source\RenderManager.h">
      <Filter>Header Files</Filter>
    </ClInclude>
    <ClInclude Include="source\AnimatedImageRenderer.h">
      <Filter>Header Files</Filter>
    </ClInclude>
    <ClInclude Include="source\TimeManager.h">
      <Filter>Header Files</Filter>
    </ClInclude>
    <ClInclude Include="source\Gameplay.h">
      <Filter>Header Files</Filter>
    </ClInclude>
    <ClInclude Include="source\MainMenu.h">
      <Filter>Header Files</Filter>
    </ClInclude>
    <ClInclude Include="source\Scene.h">
      <Filter>Header Files</Filter>
    </ClInclude>
    <ClInclude Include="source\SceneManager.h">
      <Filter>Header Files</Filter>
    </ClInclude>
    <ClInclude Include="source\Spawner.h">
      <Filter>Header Files</Filter>
    </ClInclude>
    <ClInclude Include="source\TestObject.h">
      <Filter>Header Files</Filter>
    </ClInclude>
    <ClInclude Include="source\ImageRenderer.h">
      <Filter>Header Files</Filter>
    </ClInclude>
    <ClInclude Include="source\AudioManager.h">
      <Filter>Header Files</Filter>
    </ClInclude>
    <ClInclude Include="source\Player.h">
      <Filter>Header Files</Filter>
    </ClInclude>
    <ClInclude Include="source\SpaceInvadersPlayer.h">
      <Filter>Header Files</Filter>
    </ClInclude>
    <ClInclude Include="source\Bullet.h">
      <Filter>Header Files</Filter>
    </ClInclude>
    <ClInclude Include="source\Enemy.h">
      <Filter>Header Files</Filter>
    </ClInclude>
    <ClInclude Include="source\BasicEnemy.h">
      <Filter>Header Files</Filter>
    </ClInclude>
    <ClInclude Include="source\WaveManager.h">
      <Filter>Header Files</Filter>
    </ClInclude>
    <ClInclude Include="source\SpaceInvadersGameplay.h">
      <Filter>Header Files</Filter>
    </ClInclude>
    <ClInclude Include="source\EnemyBullet.h">
      <Filter>Header Files</Filter>
    </ClInclude>
    <ClInclude Include="source\TanksGameplay.h">
      <Filter>Header Files</Filter>
    </ClInclude>
    <ClInclude Include="source\TanksPlayer.h">
      <Filter>Header Files</Filter>
    </ClInclude>
    <ClInclude Include="source\TanksPlayerBullet.h">
      <Filter>Header Files</Filter>
    </ClInclude>
    <ClInclude Include="source\BasicEnemyTanks.h">
      <Filter>Header Files</Filter>
    </ClInclude>
    <ClInclude Include="source\SeekerEnemy.h">
      <Filter>Header Files</Filter>
    </ClInclude>
    <ClInclude Include="source\ShootingEnemy.h">
      <Filter>Header Files</Filter>
    </ClInclude>
    <ClInclude Include="source\AimingEnemy.h">
      <Filter>Header Files</Filter>
    </ClInclude>
    <ClInclude Include="source\ExplodingEnemy.h">
      <Filter>Header Files</Filter>
    </ClInclude>
    <ClInclude Include="source\BulletAimingEnemy.h">
      <Filter>Header Files</Filter>
    </ClInclude>
    <ClInclude Include="source\SplatGameplay.h">
      <Filter>Header Files</Filter>
    </ClInclude>
    <ClInclude Include="source\SplatPlayer.h">
      <Filter>Header Files</Filter>
    </ClInclude>
    <ClInclude Include="source\SplatEnemyBase.h">
      <Filter>Header Files</Filter>
    </ClInclude>
    <ClInclude Include="source\SplatBasicEnemy.h">
      <Filter>Header Files</Filter>
    </ClInclude>
    <ClInclude Include="source\TextRenderer.h">
      <Filter>Header Files</Filter>
    </ClInclude>
    <ClInclude Include="source\TextObject.h">
      <Filter>Header Files</Filter>
    </ClInclude>
    <ClInclude Include="source\ImageObject.h">
      <Filter>Header Files</Filter>
    </ClInclude>
    <ClInclude Include="source\GameObject.h">
      <Filter>Header Files</Filter>
    </ClInclude>
    <ClInclude Include="source\SpaceInvadersBullet.h">
      <Filter>Header Files</Filter>
    </ClInclude>
    <ClInclude Include="source\SplashScreen.h">
      <Filter>Header Files</Filter>
    </ClInclude>
    <ClInclude Include="source\Button.h">
      <Filter>Header Files</Filter>
    </ClInclude>
    <ClInclude Include="source\SpriteSelector.h">
      <Filter>Header Files</Filter>
    </ClInclude>
    <ClInclude Include="source\RankingScene.h">
      <Filter>Header Files</Filter>
    </ClInclude>
    <ClInclude Include="source\GameConfig.h">
      <Filter>Header Files</Filter>
    </ClInclude>
    <ClInclude Include="source\ImageButton.h">
      <Filter>Header Files</Filter>
    </ClInclude>
    <ClInclude Include="source\ExplosionEffect.h">
      <Filter>Header Files</Filter>
    </ClInclude>
    <ClInclude Include="source\SpaceInvadersPauseScene.h">
      <Filter>Header Files</Filter>
    </ClInclude>
    <ClInclude Include="source\TanksPauseScene.h">
      <Filter>Header Files</Filter>
    </ClInclude>
    <ClInclude Include="source\SplatPauseScene.h">
      <Filter>Header Files</Filter>
    </ClInclude>
    <ClInclude Include="source\GameOverScene.h">
      <Filter>Header Files</Filter>
    </ClInclude>
    <ClInclude Include="source\AsteroidsPlayerBullet.h">
      <Filter>Header Files</Filter>
    </ClInclude>
    <ClInclude Include="source\AsteroidsEnemy.h">
      <Filter>Header Files</Filter>
    </ClInclude>
    <ClInclude Include="source\AsteroidsPlayer.h">
      <Filter>Header Files</Filter>
    </ClInclude>
    <ClInclude Include="source\AsteroidsGameplay.h">
      <Filter>Header Files</Filter>
    </ClInclude>
    <ClInclude Include="source\AsteroidsPauseScene.h">
      <Filter>Header Files</Filter>
    </ClInclude>
    <ClInclude Include="source\BreakoutPlayer.h">
      <Filter>Header Files</Filter>
    </ClInclude>
    <ClInclude Include="source\BreakoutBrick.h">
      <Filter>Header Files</Filter>
    </ClInclude>
    <ClInclude Include="source\BreakoutBall.h">
      <Filter>Header Files</Filter>
    </ClInclude>
    <ClInclude Include="source\BreakoutGameplay.h">
      <Filter>Header Files</Filter>
    </ClInclude>
    <ClInclude Include="source\BreakoutPauseScene.h">
      <Filter>Header Files</Filter>
    </ClInclude>
    <ClInclude Include="source\FroggerPlayer.h">
      <Filter>Header Files</Filter>
    </ClInclude>
    <ClInclude Include="source\FroggerEnemy.h">
      <Filter>Header Files</Filter>
    </ClInclude>
    <ClInclude Include="source\FroggerGameplay.h">
      <Filter>Header Files</Filter>
    </ClInclude>
    <ClInclude Include="source\FroggerPauseScene.h">
      <Filter>Header Files</Filter>
    </ClInclude>
    <ClInclude Include="source\ArenaPlayerBullet.h">
      <Filter>Header Files</Filter>
    </ClInclude>
    <ClInclude Include="source\ArenaPlayer.h">
      <Filter>Header Files</Filter>
    </ClInclude>
    <ClInclude Include="source\ArenaEnemy.h">
      <Filter>Header Files</Filter>
    </ClInclude>
    <ClInclude Include="source\ArenaGameplay.h">
      <Filter>Header Files</Filter>
    </ClInclude>
    <ClInclude Include="source\ArenaPauseScene.h">
      <Filter>Header Files</Filter>
    </ClInclude>
    <ClInclude Include="source\ScrollerPlayerBullet.h">
      <Filter>Header Files</Filter>
    </ClInclude>
    <ClInclude Include="source\ScrollerPlayer.h">
      <Filter>Header Files</Filter>
    </ClInclude>
    <ClInclude Include="source\ScrollerEnemy.h">
      <Filter>Header Files</Filter>
    </ClInclude>
    <ClInclude Include="source\ScrollerGameplay.h">
      <Filter>Header Files</Filter>
    </ClInclude>
    <ClInclude Include="source\ScrollerPauseScene.h">
      <Filter>Header Files</Filter>
    </ClInclude>
    <ClInclude Include="source\FlappyPlayer.h">
      <Filter>Header Files</Filter>
    </ClInclude>
    <ClInclude Include="source\FlappyObstacle.h">
      <Filter>Header Files</Filter>
    </ClInclude>
    <ClInclude Include="source\FlappyGameplay.h">
      <Filter>Header Files</Filter>
    </ClInclude>
    <ClInclude Include="source\FlappyPauseScene.h">
      <Filter>Header Files</Filter>
    </ClInclude>
    <ClInclude Include="source\GalacticPlayerBullet.h">
      <Filter>Header Files</Filter>
    </ClInclude>
    <ClInclude Include="source\GalacticPlayer.h">
      <Filter>Header Files</Filter>
    </ClInclude>
    <ClInclude Include="source\GalacticEnemy.h">
      <Filter>Header Files</Filter>
    </ClInclude>
    <ClInclude Include="source\GalacticGameplay.h">
      <Filter>Header Files</Filter>
    </ClInclude>
    <ClInclude Include="source\GalacticPauseScene.h">
      <Filter>Header Files</Filter>
    </ClInclude>
    <ClInclude Include="source\CentipedePlayerBullet.h">
      <Filter>Header Files</Filter>
    </ClInclude>
    <ClInclude Include="source\CentipedeMushroom.h">
      <Filter>Header Files</Filter>
    </ClInclude>
    <ClInclude Include="source\CentipedeSegment.h">
      <Filter>Header Files</Filter>
    </ClInclude>
    <ClInclude Include="source\CentipedePlayer.h">
      <Filter>Header Files</Filter>
    </ClInclude>
    <ClInclude Include="source\CentipedeGameplay.h">
      <Filter>Header Files</Filter>
    </ClInclude>
    <ClInclude Include="source\CentipedePauseScene.h">
      <Filter>Header Files</Filter>
    </ClInclude>
  </ItemGroup>
</Project>